// !$*UTF8*$!
{
	archiveVersion = 1;
	classes = {
	};
	objectVersion = 46;
	objects = {

/* Begin PBXBuildFile section */
		C110257615DEFCD400F5F653 /* Agent.m in Sources */ = {isa = PBXBuildFile; fileRef = C110256E15DEFCD400F5F653 /* Agent.m */; };
		C110257715DEFCD400F5F653 /* Jeans.m in Sources */ = {isa = PBXBuildFile; fileRef = C110257115DEFCD400F5F653 /* Jeans.m */; };
		C110257815DEFCD400F5F653 /* main.m in Sources */ = {isa = PBXBuildFile; fileRef = C110257215DEFCD400F5F653 /* main.m */; };
		C110257915DEFCD400F5F653 /* PurchaseDecision.m in Sources */ = {isa = PBXBuildFile; fileRef = C110257515DEFCD400F5F653 /* PurchaseDecision.m */; };
		C165055E152CC2C600D9D723 /* Foundation.framework in Frameworks */ = {isa = PBXBuildFile; fileRef = C165055D152CC2C600D9D723 /* Foundation.framework */; };
/* End PBXBuildFile section */

/* Begin PBXCopyFilesBuildPhase section */
		C1650557152CC2C600D9D723 /* CopyFiles */ = {
			isa = PBXCopyFilesBuildPhase;
			buildActionMask = 2147483647;
			dstPath = /usr/share/man/man1/;
			dstSubfolderSpec = 0;
			files = (
			);
			runOnlyForDeploymentPostprocessing = 1;
		};
/* End PBXCopyFilesBuildPhase section */

/* Begin PBXFileReference section */
		C110256D15DEFCD400F5F653 /* Agent.h */ = {isa = PBXFileReference; fileEncoding = 4; lastKnownFileType = sourcecode.c.h; path = Agent.h; sourceTree = "<group>"; };
		C110256E15DEFCD400F5F653 /* Agent.m */ = {isa = PBXFileReference; fileEncoding = 4; lastKnownFileType = sourcecode.c.objc; path = Agent.m; sourceTree = "<group>"; };
		C110256F15DEFCD400F5F653 /* PurchaseDecision.1 */ = {isa = PBXFileReference; fileEncoding = 4; lastKnownFileType = text.man; path = PurchaseDecision.1; sourceTree = "<group>"; };
		C110257015DEFCD400F5F653 /* Jeans.h */ = {isa = PBXFileReference; fileEncoding = 4; lastKnownFileType = sourcecode.c.h; path = Jeans.h; sourceTree = "<group>"; };
		C110257115DEFCD400F5F653 /* Jeans.m */ = {isa = PBXFileReference; fileEncoding = 4; lastKnownFileType = sourcecode.c.objc; path = Jeans.m; sourceTree = "<group>"; };
		C110257215DEFCD400F5F653 /* main.m */ = {isa = PBXFileReference; fileEncoding = 4; lastKnownFileType = sourcecode.c.objc; path = main.m; sourceTree = "<group>"; };
		C110257315DEFCD400F5F653 /* PurchaseDecision-Prefix.pch */ = {isa = PBXFileReference; fileEncoding = 4; lastKnownFileType = sourcecode.c.h; path = "PurchaseDecision-Prefix.pch"; sourceTree = "<group>"; };
		C110257415DEFCD400F5F653 /* PurchaseDecision.h */ = {isa = PBXFileReference; fileEncoding = 4; lastKnownFileType = sourcecode.c.h; path = PurchaseDecision.h; sourceTree = "<group>"; };
		C110257515DEFCD400F5F653 /* PurchaseDecision.m */ = {isa = PBXFileReference; fileEncoding = 4; lastKnownFileType = sourcecode.c.objc; path = PurchaseDecision.m; sourceTree = "<group>"; };
		C1650559152CC2C600D9D723 /* PurchaseDecision */ = {isa = PBXFileReference; explicitFileType = "compiled.mach-o.executable"; includeInIndex = 0; path = PurchaseDecision; sourceTree = BUILT_PRODUCTS_DIR; };
		C165055D152CC2C600D9D723 /* Foundation.framework */ = {isa = PBXFileReference; lastKnownFileType = wrapper.framework; name = Foundation.framework; path = System/Library/Frameworks/Foundation.framework; sourceTree = SDKROOT; };
/* End PBXFileReference section */

/* Begin PBXFrameworksBuildPhase section */
		C1650556152CC2C600D9D723 /* Frameworks */ = {
			isa = PBXFrameworksBuildPhase;
			buildActionMask = 2147483647;
			files = (
				C165055E152CC2C600D9D723 /* Foundation.framework in Frameworks */,
			);
			runOnlyForDeploymentPostprocessing = 0;
		};
/* End PBXFrameworksBuildPhase section */

/* Begin PBXGroup section */
		C110256C15DEFCD400F5F653 /* PurchaseDecision */ = {
			isa = PBXGroup;
			children = (
				C110257215DEFCD400F5F653 /* main.m */,
				C110257415DEFCD400F5F653 /* PurchaseDecision.h */,
				C110257515DEFCD400F5F653 /* PurchaseDecision.m */,
				C110256D15DEFCD400F5F653 /* Agent.h */,
				C110256E15DEFCD400F5F653 /* Agent.m */,
				C110257015DEFCD400F5F653 /* Jeans.h */,
				C110257115DEFCD400F5F653 /* Jeans.m */,
				C110256F15DEFCD400F5F653 /* PurchaseDecision.1 */,
				C110257A15DEFCE300F5F653 /* Supporting Files */,
			);
			path = PurchaseDecision;
			sourceTree = "<group>";
		};
		C110257A15DEFCE300F5F653 /* Supporting Files */ = {
			isa = PBXGroup;
			children = (
				C110257315DEFCD400F5F653 /* PurchaseDecision-Prefix.pch */,
			);
			name = "Supporting Files";
			sourceTree = "<group>";
		};
		C165054E152CC2C600D9D723 = {
			isa = PBXGroup;
			children = (
				C110256C15DEFCD400F5F653 /* PurchaseDecision */,
				C165055C152CC2C600D9D723 /* Frameworks */,
				C165055A152CC2C600D9D723 /* Products */,
			);
			sourceTree = "<group>";
		};
		C165055A152CC2C600D9D723 /* Products */ = {
			isa = PBXGroup;
			children = (
				C1650559152CC2C600D9D723 /* PurchaseDecision */,
			);
			name = Products;
			sourceTree = "<group>";
		};
		C165055C152CC2C600D9D723 /* Frameworks */ = {
			isa = PBXGroup;
			children = (
				C165055D152CC2C600D9D723 /* Foundation.framework */,
			);
			name = Frameworks;
			sourceTree = "<group>";
		};
/* End PBXGroup section */

/* Begin PBXNativeTarget section */
		C1650558152CC2C600D9D723 /* PurchaseDecision */ = {
			isa = PBXNativeTarget;
			buildConfigurationList = C1650568152CC2C600D9D723 /* Build configuration list for PBXNativeTarget "PurchaseDecision" */;
			buildPhases = (
				C1650555152CC2C600D9D723 /* Sources */,
				C1650556152CC2C600D9D723 /* Frameworks */,
				C1650557152CC2C600D9D723 /* CopyFiles */,
			);
			buildRules = (
			);
			dependencies = (
			);
			name = PurchaseDecision;
			productName = AI_PurchaseDecision;
			productReference = C1650559152CC2C600D9D723 /* PurchaseDecision */;
			productType = "com.apple.product-type.tool";
		};
/* End PBXNativeTarget section */

/* Begin PBXProject section */
		C1650550152CC2C600D9D723 /* Project object */ = {
			isa = PBXProject;
			attributes = {
				LastUpgradeCheck = 0430;
			};
			buildConfigurationList = C1650553152CC2C600D9D723 /* Build configuration list for PBXProject "PurchaseDecision" */;
			compatibilityVersion = "Xcode 3.2";
			developmentRegion = English;
			hasScannedForEncodings = 0;
			knownRegions = (
				en,
			);
			mainGroup = C165054E152CC2C600D9D723;
			productRefGroup = C165055A152CC2C600D9D723 /* Products */;
			projectDirPath = "";
			projectRoot = "";
			targets = (
				C1650558152CC2C600D9D723 /* PurchaseDecision */,
			);
		};
/* End PBXProject section */

/* Begin PBXSourcesBuildPhase section */
		C1650555152CC2C600D9D723 /* Sources */ = {
			isa = PBXSourcesBuildPhase;
			buildActionMask = 2147483647;
			files = (
				C110257615DEFCD400F5F653 /* Agent.m in Sources */,
				C110257715DEFCD400F5F653 /* Jeans.m in Sources */,
				C110257815DEFCD400F5F653 /* main.m in Sources */,
				C110257915DEFCD400F5F653 /* PurchaseDecision.m in Sources */,
			);
			runOnlyForDeploymentPostprocessing = 0;
		};
/* End PBXSourcesBuildPhase section */

/* Begin XCBuildConfiguration section */
		C1650566152CC2C600D9D723 /* Debug */ = {
			isa = XCBuildConfiguration;
			buildSettings = {
				ALWAYS_SEARCH_USER_PATHS = NO;
				ARCHS = "$(ARCHS_STANDARD_64_BIT)";
				COPY_PHASE_STRIP = NO;
				GCC_C_LANGUAGE_STANDARD = gnu99;
				GCC_DYNAMIC_NO_PIC = NO;
				GCC_ENABLE_OBJC_EXCEPTIONS = YES;
				GCC_OPTIMIZATION_LEVEL = 0;
				GCC_PREPROCESSOR_DEFINITIONS = (
					"DEBUG=1",
					"$(inherited)",
				);
				GCC_SYMBOLS_PRIVATE_EXTERN = NO;
				GCC_VERSION = com.apple.compilers.llvm.clang.1_0;
				GCC_WARN_64_TO_32_BIT_CONVERSION = YES;
				GCC_WARN_ABOUT_RETURN_TYPE = YES;
				GCC_WARN_UNINITIALIZED_AUTOS = YES;
				GCC_WARN_UNUSED_VARIABLE = YES;
				MACOSX_DEPLOYMENT_TARGET = 10.7;
				ONLY_ACTIVE_ARCH = YES;
				SDKROOT = macosx;
			};
			name = Debug;
		};
		C1650567152CC2C600D9D723 /* Release */ = {
			isa = XCBuildConfiguration;
			buildSettings = {
				ALWAYS_SEARCH_USER_PATHS = NO;
				ARCHS = "$(ARCHS_STANDARD_64_BIT)";
				COPY_PHASE_STRIP = YES;
				DEBUG_INFORMATION_FORMAT = "dwarf-with-dsym";
				GCC_C_LANGUAGE_STANDARD = gnu99;
				GCC_ENABLE_OBJC_EXCEPTIONS = YES;
				GCC_VERSION = com.apple.compilers.llvm.clang.1_0;
				GCC_WARN_64_TO_32_BIT_CONVERSION = YES;
				GCC_WARN_ABOUT_RETURN_TYPE = YES;
				GCC_WARN_UNINITIALIZED_AUTOS = YES;
				GCC_WARN_UNUSED_VARIABLE = YES;
				MACOSX_DEPLOYMENT_TARGET = 10.7;
				SDKROOT = macosx;
			};
			name = Release;
		};
		C1650569152CC2C600D9D723 /* Debug */ = {
			isa = XCBuildConfiguration;
			buildSettings = {
				GCC_PRECOMPILE_PREFIX_HEADER = YES;
				GCC_PREFIX_HEADER = "PurchaseDecision/PurchaseDecision-Prefix.pch";
				PRODUCT_NAME = PurchaseDecision;
			};
			name = Debug;
		};
		C165056A152CC2C600D9D723 /* Release */ = {
			isa = XCBuildConfiguration;
			buildSettings = {
				GCC_PRECOMPILE_PREFIX_HEADER = YES;
				GCC_PREFIX_HEADER = "PurchaseDecision/PurchaseDecision-Prefix.pch";
				PRODUCT_NAME = PurchaseDecision;
			};
			name = Release;
		};
/* End XCBuildConfiguration section */

/* Begin XCConfigurationList section */
		C1650553152CC2C600D9D723 /* Build configuration list for PBXProject "PurchaseDecision" */ = {
			isa = XCConfigurationList;
			buildConfigurations = (
				C1650566152CC2C600D9D723 /* Debug */,
				C1650567152CC2C600D9D723 /* Release */,
			);
			defaultConfigurationIsVisible = 0;
			defaultConfigurationName = Release;
		};
		C1650568152CC2C600D9D723 /* Build configuration list for PBXNativeTarget "PurchaseDecision" */ = {
			isa = XCConfigurationList;
			buildConfigurations = (
				C1650569152CC2C600D9D723 /* Debug */,
				C165056A152CC2C600D9D723 /* Release */,
			);
			defaultConfigurationIsVisible = 0;
			defaultConfigurationName = Release;
		};
/* End XCConfigurationList section */
	};
	rootObject = C1650550152CC2C600D9D723 /* Project object */;
}
